// !$*UTF8*$!
{
	archiveVersion = 1;
	classes = {
	};
	objectVersion = 50;
	objects = {

/* Begin PBXBuildFile section */
		88658E63F8FFA0A5150AB554 /* Pods_PopupViewControllerDemo.framework in Frameworks */ = {isa = PBXBuildFile; fileRef = 764A641E1EDDAA4218E77D8D /* Pods_PopupViewControllerDemo.framework */; };
		B74C7D732325E9110061325B /* AppDelegate.swift in Sources */ = {isa = PBXBuildFile; fileRef = B74C7D722325E9110061325B /* AppDelegate.swift */; };
		B74C7D752325E9110061325B /* ViewController.swift in Sources */ = {isa = PBXBuildFile; fileRef = B74C7D742325E9110061325B /* ViewController.swift */; };
		B74C7D782325E9110061325B /* Main.storyboard in Resources */ = {isa = PBXBuildFile; fileRef = B74C7D762325E9110061325B /* Main.storyboard */; };
		B74C7D7A2325E9120061325B /* Assets.xcassets in Resources */ = {isa = PBXBuildFile; fileRef = B74C7D792325E9120061325B /* Assets.xcassets */; };
		B74C7D7D2325E9120061325B /* LaunchScreen.storyboard in Resources */ = {isa = PBXBuildFile; fileRef = B74C7D7B2325E9120061325B /* LaunchScreen.storyboard */; };
		B74C7D9423264FC10061325B /* PopView.swift in Sources */ = {isa = PBXBuildFile; fileRef = B74C7D9323264FC10061325B /* PopView.swift */; };
/* End PBXBuildFile section */

/* Begin PBXFileReference section */
		233CF1C16402DF775A772C17 /* Pods-PopupViewControllerDemo.release.xcconfig */ = {isa = PBXFileReference; includeInIndex = 1; lastKnownFileType = text.xcconfig; name = "Pods-PopupViewControllerDemo.release.xcconfig"; path = "Target Support Files/Pods-PopupViewControllerDemo/Pods-PopupViewControllerDemo.release.xcconfig"; sourceTree = "<group>"; };
		2600D9A531625D1D0701B94C /* Pods-PopupViewControllerDemo.debug.xcconfig */ = {isa = PBXFileReference; includeInIndex = 1; lastKnownFileType = text.xcconfig; name = "Pods-PopupViewControllerDemo.debug.xcconfig"; path = "Target Support Files/Pods-PopupViewControllerDemo/Pods-PopupViewControllerDemo.debug.xcconfig"; sourceTree = "<group>"; };
		764A641E1EDDAA4218E77D8D /* Pods_PopupViewControllerDemo.framework */ = {isa = PBXFileReference; explicitFileType = wrapper.framework; includeInIndex = 0; path = Pods_PopupViewControllerDemo.framework; sourceTree = BUILT_PRODUCTS_DIR; };
		B74C7D6F2325E9110061325B /* PopupViewControllerDemo.app */ = {isa = PBXFileReference; explicitFileType = wrapper.application; includeInIndex = 0; path = PopupViewControllerDemo.app; sourceTree = BUILT_PRODUCTS_DIR; };
		B74C7D722325E9110061325B /* AppDelegate.swift */ = {isa = PBXFileReference; lastKnownFileType = sourcecode.swift; path = AppDelegate.swift; sourceTree = "<group>"; };
		B74C7D742325E9110061325B /* ViewController.swift */ = {isa = PBXFileReference; lastKnownFileType = sourcecode.swift; path = ViewController.swift; sourceTree = "<group>"; };
		B74C7D772325E9110061325B /* Base */ = {isa = PBXFileReference; lastKnownFileType = file.storyboard; name = Base; path = Base.lproj/Main.storyboard; sourceTree = "<group>"; };
		B74C7D792325E9120061325B /* Assets.xcassets */ = {isa = PBXFileReference; lastKnownFileType = folder.assetcatalog; path = Assets.xcassets; sourceTree = "<group>"; };
		B74C7D7C2325E9120061325B /* Base */ = {isa = PBXFileReference; lastKnownFileType = file.storyboard; name = Base; path = Base.lproj/LaunchScreen.storyboard; sourceTree = "<group>"; };
		B74C7D7E2325E9120061325B /* Info.plist */ = {isa = PBXFileReference; lastKnownFileType = text.plist.xml; path = Info.plist; sourceTree = "<group>"; };
		B74C7D9323264FC10061325B /* PopView.swift */ = {isa = PBXFileReference; lastKnownFileType = sourcecode.swift; path = PopView.swift; sourceTree = "<group>"; };
/* End PBXFileReference section */

/* Begin PBXFrameworksBuildPhase section */
		B74C7D6C2325E9110061325B /* Frameworks */ = {
			isa = PBXFrameworksBuildPhase;
			buildActionMask = 2147483647;
			files = (
				88658E63F8FFA0A5150AB554 /* Pods_PopupViewControllerDemo.framework in Frameworks */,
			);
			runOnlyForDeploymentPostprocessing = 0;
		};
/* End PBXFrameworksBuildPhase section */

/* Begin PBXGroup section */
		4E0813DF04DBA5E758276246 /* Frameworks */ = {
			isa = PBXGroup;
			children = (
				764A641E1EDDAA4218E77D8D /* Pods_PopupViewControllerDemo.framework */,
			);
			name = Frameworks;
			sourceTree = "<group>";
		};
		B74C7D662325E9110061325B = {
			isa = PBXGroup;
			children = (
				B74C7D712325E9110061325B /* PopupViewControllerDemo */,
				B74C7D702325E9110061325B /* Products */,
				EE222923973CC3BDD11C4C9D /* Pods */,
				4E0813DF04DBA5E758276246 /* Frameworks */,
			);
			sourceTree = "<group>";
		};
		B74C7D702325E9110061325B /* Products */ = {
			isa = PBXGroup;
			children = (
				B74C7D6F2325E9110061325B /* PopupViewControllerDemo.app */,
			);
			name = Products;
			sourceTree = "<group>";
		};
		B74C7D712325E9110061325B /* PopupViewControllerDemo */ = {
			isa = PBXGroup;
			children = (
				B74C7D722325E9110061325B /* AppDelegate.swift */,
				B74C7D742325E9110061325B /* ViewController.swift */,
				B74C7D9323264FC10061325B /* PopView.swift */,
				B74C7D762325E9110061325B /* Main.storyboard */,
				B74C7D792325E9120061325B /* Assets.xcassets */,
				B74C7D7B2325E9120061325B /* LaunchScreen.storyboard */,
				B74C7D7E2325E9120061325B /* Info.plist */,
			);
			path = PopupViewControllerDemo;
			sourceTree = "<group>";
		};
		EE222923973CC3BDD11C4C9D /* Pods */ = {
			isa = PBXGroup;
			children = (
				2600D9A531625D1D0701B94C /* Pods-PopupViewControllerDemo.debug.xcconfig */,
				233CF1C16402DF775A772C17 /* Pods-PopupViewControllerDemo.release.xcconfig */,
			);
			name = Pods;
			path = Pods;
			sourceTree = "<group>";
		};
/* End PBXGroup section */

/* Begin PBXNativeTarget section */
		B74C7D6E2325E9110061325B /* PopupViewControllerDemo */ = {
			isa = PBXNativeTarget;
			buildConfigurationList = B74C7D812325E9120061325B /* Build configuration list for PBXNativeTarget "PopupViewControllerDemo" */;
			buildPhases = (
				D62F68001A4AAC091AC9ACA6 /* [CP] Check Pods Manifest.lock */,
				B74C7D6B2325E9110061325B /* Sources */,
				B74C7D6C2325E9110061325B /* Frameworks */,
				B74C7D6D2325E9110061325B /* Resources */,
				2C8C170034067AB18B93421A /* [CP] Embed Pods Frameworks */,
			);
			buildRules = (
			);
			dependencies = (
			);
			name = PopupViewControllerDemo;
			productName = PopupViewControllerDemo;
			productReference = B74C7D6F2325E9110061325B /* PopupViewControllerDemo.app */;
			productType = "com.apple.product-type.application";
		};
/* End PBXNativeTarget section */

/* Begin PBXProject section */
		B74C7D672325E9110061325B /* Project object */ = {
			isa = PBXProject;
			attributes = {
				LastSwiftUpdateCheck = 1030;
				LastUpgradeCheck = 1030;
				ORGANIZATIONNAME = "任敬";
				TargetAttributes = {
					B74C7D6E2325E9110061325B = {
						CreatedOnToolsVersion = 10.3;
					};
				};
			};
			buildConfigurationList = B74C7D6A2325E9110061325B /* Build configuration list for PBXProject "PopupViewControllerDemo" */;
			compatibilityVersion = "Xcode 9.3";
			developmentRegion = en;
			hasScannedForEncodings = 0;
			knownRegions = (
				en,
				Base,
			);
			mainGroup = B74C7D662325E9110061325B;
			productRefGroup = B74C7D702325E9110061325B /* Products */;
			projectDirPath = "";
			projectRoot = "";
			targets = (
				B74C7D6E2325E9110061325B /* PopupViewControllerDemo */,
			);
		};
/* End PBXProject section */

/* Begin PBXResourcesBuildPhase section */
		B74C7D6D2325E9110061325B /* Resources */ = {
			isa = PBXResourcesBuildPhase;
			buildActionMask = 2147483647;
			files = (
				B74C7D7D2325E9120061325B /* LaunchScreen.storyboard in Resources */,
				B74C7D7A2325E9120061325B /* Assets.xcassets in Resources */,
				B74C7D782325E9110061325B /* Main.storyboard in Resources */,
			);
			runOnlyForDeploymentPostprocessing = 0;
		};
/* End PBXResourcesBuildPhase section */

/* Begin PBXShellScriptBuildPhase section */
		2C8C170034067AB18B93421A /* [CP] Embed Pods Frameworks */ = {
			isa = PBXShellScriptBuildPhase;
			buildActionMask = 2147483647;
			files = (
			);
			inputFileListPaths = (
			);
			inputPaths = (
				"${PODS_ROOT}/Target Support Files/Pods-PopupViewControllerDemo/Pods-PopupViewControllerDemo-frameworks.sh",
				"${BUILT_PRODUCTS_DIR}/PopupViewController/PopupViewController.framework",
			);
			name = "[CP] Embed Pods Frameworks";
			outputFileListPaths = (
			);
			outputPaths = (
				"${TARGET_BUILD_DIR}/${FRAMEWORKS_FOLDER_PATH}/PopupViewController.framework",
			);
			runOnlyForDeploymentPostprocessing = 0;
			shellPath = /bin/sh;
			shellScript = "\"${PODS_ROOT}/Target Support Files/Pods-PopupViewControllerDemo/Pods-PopupViewControllerDemo-frameworks.sh\"\n";
			showEnvVarsInLog = 0;
		};
		D62F68001A4AAC091AC9ACA6 /* [CP] Check Pods Manifest.lock */ = {
			isa = PBXShellScriptBuildPhase;
			buildActionMask = 2147483647;
			files = (
			);
			inputFileListPaths = (
			);
			inputPaths = (
				"${PODS_PODFILE_DIR_PATH}/Podfile.lock",
				"${PODS_ROOT}/Manifest.lock",
			);
			name = "[CP] Check Pods Manifest.lock";
			outputFileListPaths = (
			);
			outputPaths = (
				"$(DERIVED_FILE_DIR)/Pods-PopupViewControllerDemo-checkManifestLockResult.txt",
			);
			runOnlyForDeploymentPostprocessing = 0;
			shellPath = /bin/sh;
			shellScript = "diff \"${PODS_PODFILE_DIR_PATH}/Podfile.lock\" \"${PODS_ROOT}/Manifest.lock\" > /dev/null\nif [ $? != 0 ] ; then\n    # print error to STDERR\n    echo \"error: The sandbox is not in sync with the Podfile.lock. Run 'pod install' or update your CocoaPods installation.\" >&2\n    exit 1\nfi\n# This output is used by Xcode 'outputs' to avoid re-running this script phase.\necho \"SUCCESS\" > \"${SCRIPT_OUTPUT_FILE_0}\"\n";
			showEnvVarsInLog = 0;
		};
/* End PBXShellScriptBuildPhase section */

/* Begin PBXSourcesBuildPhase section */
		B74C7D6B2325E9110061325B /* Sources */ = {
			isa = PBXSourcesBuildPhase;
			buildActionMask = 2147483647;
			files = (
				B74C7D752325E9110061325B /* ViewController.swift in Sources */,
				B74C7D732325E9110061325B /* AppDelegate.swift in Sources */,
				B74C7D9423264FC10061325B /* PopView.swift in Sources */,
			);
			runOnlyForDeploymentPostprocessing = 0;
		};
/* End PBXSourcesBuildPhase section */

/* Begin PBXVariantGroup section */
		B74C7D762325E9110061325B /* Main.storyboard */ = {
			isa = PBXVariantGroup;
			children = (
				B74C7D772325E9110061325B /* Base */,
			);
			name = Main.storyboard;
			sourceTree = "<group>";
		};
		B74C7D7B2325E9120061325B /* LaunchScreen.storyboard */ = {
			isa = PBXVariantGroup;
			children = (
				B74C7D7C2325E9120061325B /* Base */,
			);
			name = LaunchScreen.storyboard;
			sourceTree = "<group>";
		};
/* End PBXVariantGroup section */

/* Begin XCBuildConfiguration section */
		B74C7D7F2325E9120061325B /* Debug */ = {
			isa = XCBuildConfiguration;
			buildSettings = {
				ALWAYS_SEARCH_USER_PATHS = NO;
				CLANG_ANALYZER_NONNULL = YES;
				CLANG_ANALYZER_NUMBER_OBJECT_CONVERSION = YES_AGGRESSIVE;
				CLANG_CXX_LANGUAGE_STANDARD = "gnu++14";
				CLANG_CXX_LIBRARY = "libc++";
				CLANG_ENABLE_MODULES = YES;
				CLANG_ENABLE_OBJC_ARC = YES;
				CLANG_ENABLE_OBJC_WEAK = YES;
				CLANG_WARN_BLOCK_CAPTURE_AUTORELEASING = YES;
				CLANG_WARN_BOOL_CONVERSION = YES;
				CLANG_WARN_COMMA = YES;
				CLANG_WARN_CONSTANT_CONVERSION = YES;
				CLANG_WARN_DEPRECATED_OBJC_IMPLEMENTATIONS = YES;
				CLANG_WARN_DIRECT_OBJC_ISA_USAGE = YES_ERROR;
				CLANG_WARN_DOCUMENTATION_COMMENTS = YES;
				CLANG_WARN_EMPTY_BODY = YES;
				CLANG_WARN_ENUM_CONVERSION = YES;
				CLANG_WARN_INFINITE_RECURSION = YES;
				CLANG_WARN_INT_CONVERSION = YES;
				CLANG_WARN_NON_LITERAL_NULL_CONVERSION = YES;
				CLANG_WARN_OBJC_IMPLICIT_RETAIN_SELF = YES;
				CLANG_WARN_OBJC_LITERAL_CONVERSION = YES;
				CLANG_WARN_OBJC_ROOT_CLASS = YES_ERROR;
				CLANG_WARN_RANGE_LOOP_ANALYSIS = YES;
				CLANG_WARN_STRICT_PROTOTYPES = YES;
				CLANG_WARN_SUSPICIOUS_MOVE = YES;
				CLANG_WARN_UNGUARDED_AVAILABILITY = YES_AGGRESSIVE;
				CLANG_WARN_UNREACHABLE_CODE = YES;
				CLANG_WARN__DUPLICATE_METHOD_MATCH = YES;
				CODE_SIGN_IDENTITY = "iPhone Developer";
				COPY_PHASE_STRIP = NO;
				DEBUG_INFORMATION_FORMAT = dwarf;
				ENABLE_STRICT_OBJC_MSGSEND = YES;
				ENABLE_TESTABILITY = YES;
				GCC_C_LANGUAGE_STANDARD = gnu11;
				GCC_DYNAMIC_NO_PIC = NO;
				GCC_NO_COMMON_BLOCKS = YES;
				GCC_OPTIMIZATION_LEVEL = 0;
				GCC_PREPROCESSOR_DEFINITIONS = (
					"DEBUG=1",
					"$(inherited)",
				);
				GCC_WARN_64_TO_32_BIT_CONVERSION = YES;
				GCC_WARN_ABOUT_RETURN_TYPE = YES_ERROR;
				GCC_WARN_UNDECLARED_SELECTOR = YES;
				GCC_WARN_UNINITIALIZED_AUTOS = YES_AGGRESSIVE;
				GCC_WARN_UNUSED_FUNCTION = YES;
				GCC_WARN_UNUSED_VARIABLE = YES;
				IPHONEOS_DEPLOYMENT_TARGET = 12.4;
				MTL_ENABLE_DEBUG_INFO = INCLUDE_SOURCE;
				MTL_FAST_MATH = YES;
				ONLY_ACTIVE_ARCH = YES;
				SDKROOT = iphoneos;
				SWIFT_ACTIVE_COMPILATION_CONDITIONS = DEBUG;
				SWIFT_OPTIMIZATION_LEVEL = "-Onone";
			};
			name = Debug;
		};
		B74C7D802325E9120061325B /* Release */ = {
			isa = XCBuildConfiguration;
			buildSettings = {
				ALWAYS_SEARCH_USER_PATHS = NO;
				CLANG_ANALYZER_NONNULL = YES;
				CLANG_ANALYZER_NUMBER_OBJECT_CONVERSION = YES_AGGRESSIVE;
				CLANG_CXX_LANGUAGE_STANDARD = "gnu++14";
				CLANG_CXX_LIBRARY = "libc++";
				CLANG_ENABLE_MODULES = YES;
				CLANG_ENABLE_OBJC_ARC = YES;
				CLANG_ENABLE_OBJC_WEAK = YES;
				CLANG_WARN_BLOCK_CAPTURE_AUTORELEASING = YES;
				CLANG_WARN_BOOL_CONVERSION = YES;
				CLANG_WARN_COMMA = YES;
				CLANG_WARN_CONSTANT_CONVERSION = YES;
				CLANG_WARN_DEPRECATED_OBJC_IMPLEMENTATIONS = YES;
				CLANG_WARN_DIRECT_OBJC_ISA_USAGE = YES_ERROR;
				CLANG_WARN_DOCUMENTATION_COMMENTS = YES;
				CLANG_WARN_EMPTY_BODY = YES;
				CLANG_WARN_ENUM_CONVERSION = YES;
				CLANG_WARN_INFINITE_RECURSION = YES;
				CLANG_WARN_INT_CONVERSION = YES;
				CLANG_WARN_NON_LITERAL_NULL_CONVERSION = YES;
				CLANG_WARN_OBJC_IMPLICIT_RETAIN_SELF = YES;
				CLANG_WARN_OBJC_LITERAL_CONVERSION = YES;
				CLANG_WARN_OBJC_ROOT_CLASS = YES_ERROR;
				CLANG_WARN_RANGE_LOOP_ANALYSIS = YES;
				CLANG_WARN_STRICT_PROTOTYPES = YES;
				CLANG_WARN_SUSPICIOUS_MOVE = YES;
				CLANG_WARN_UNGUARDED_AVAILABILITY = YES_AGGRESSIVE;
				CLANG_WARN_UNREACHABLE_CODE = YES;
				CLANG_WARN__DUPLICATE_METHOD_MATCH = YES;
				CODE_SIGN_IDENTITY = "iPhone Developer";
				COPY_PHASE_STRIP = NO;
				DEBUG_INFORMATION_FORMAT = "dwarf-with-dsym";
				ENABLE_NS_ASSERTIONS = NO;
				ENABLE_STRICT_OBJC_MSGSEND = YES;
				GCC_C_LANGUAGE_STANDARD = gnu11;
				GCC_NO_COMMON_BLOCKS = YES;
				GCC_WARN_64_TO_32_BIT_CONVERSION = YES;
				GCC_WARN_ABOUT_RETURN_TYPE = YES_ERROR;
				GCC_WARN_UNDECLARED_SELECTOR = YES;
				GCC_WARN_UNINITIALIZED_AUTOS = YES_AGGRESSIVE;
				GCC_WARN_UNUSED_FUNCTION = YES;
				GCC_WARN_UNUSED_VARIABLE = YES;
				IPHONEOS_DEPLOYMENT_TARGET = 12.4;
				MTL_ENABLE_DEBUG_INFO = NO;
				MTL_FAST_MATH = YES;
				SDKROOT = iphoneos;
				SWIFT_COMPILATION_MODE = wholemodule;
				SWIFT_OPTIMIZATION_LEVEL = "-O";
				VALIDATE_PRODUCT = YES;
			};
			name = Release;
		};
		B74C7D822325E9120061325B /* Debug */ = {
			isa = XCBuildConfiguration;
			baseConfigurationReference = 2600D9A531625D1D0701B94C /* Pods-PopupViewControllerDemo.debug.xcconfig */;
			buildSettings = {
				ASSETCATALOG_COMPILER_APPICON_NAME = AppIcon;
				CODE_SIGN_STYLE = Automatic;
				DEVELOPMENT_TEAM = LVG5D9Z2L2;
				INFOPLIST_FILE = PopupViewControllerDemo/Info.plist;
				LD_RUNPATH_SEARCH_PATHS = (
					"$(inherited)",
					"@executable_path/Frameworks",
				);
				PRODUCT_BUNDLE_IDENTIFIER = com.rrrenj.PopupViewControllerDemo;
				PRODUCT_NAME = "$(TARGET_NAME)";
				SWIFT_VERSION = 5.0;
				TARGETED_DEVICE_FAMILY = "1,2";
			};
			name = Debug;
		};
		B74C7D832325E9120061325B /* Release */ = {
			isa = XCBuildConfiguration;
			baseConfigurationReference = 233CF1C16402DF775A772C17 /* Pods-PopupViewControllerDemo.release.xcconfig */;
			buildSettings = {
				ASSETCATALOG_COMPILER_APPICON_NAME = AppIcon;
				CODE_SIGN_STYLE = Automatic;
				DEVELOPMENT_TEAM = LVG5D9Z2L2;
				INFOPLIST_FILE = PopupViewControllerDemo/Info.plist;
				LD_RUNPATH_SEARCH_PATHS = (
					"$(inherited)",
					"@executable_path/Frameworks",
				);
				PRODUCT_BUNDLE_IDENTIFIER = com.rrrenj.PopupViewControllerDemo;
				PRODUCT_NAME = "$(TARGET_NAME)";
				SWIFT_VERSION = 5.0;
				TARGETED_DEVICE_FAMILY = "1,2";
			};
			name = Release;
		};
/* End XCBuildConfiguration section */

/* Begin XCConfigurationList section */
		B74C7D6A2325E9110061325B /* Build configuration list for PBXProject "PopupViewControllerDemo" */ = {
			isa = XCConfigurationList;
			buildConfigurations = (
				B74C7D7F2325E9120061325B /* Debug */,
				B74C7D802325E9120061325B /* Release */,
			);
			defaultConfigurationIsVisible = 0;
			defaultConfigurationName = Release;
		};
		B74C7D812325E9120061325B /* Build configuration list for PBXNativeTarget "PopupViewControllerDemo" */ = {
			isa = XCConfigurationList;
			buildConfigurations = (
				B74C7D822325E9120061325B /* Debug */,
				B74C7D832325E9120061325B /* Release */,
			);
			defaultConfigurationIsVisible = 0;
			defaultConfigurationName = Release;
		};
/* End XCConfigurationList section */
	};
	rootObject = B74C7D672325E9110061325B /* Project object */;
}
